
Microsoft Visual Studio Solution File, Format Version 12.00
# Visual Studio Version 17
VisualStudioVersion = 17.8.34205.153
MinimumVisualStudioVersion = 10.0.40219.1
Project("{9A19103F-16F7-4668-BE54-9A1E7A4F7556}") = "WREdit", "WREdit\WREdit.csproj", "{160F8EFB-94AA-4F4A-B5C3-759B49B77466}"
EndProject
Project("{FAE04EC0-301F-11D3-BF4B-00C04F79EFBC}") = "WREdit.Actions", "WREdit.Actions\WREdit.Actions.csproj", "{0716B7C5-CD3F-41A0-B882-A5E7B8FD57DF}"
EndProject
Global
	GlobalSection(SolutionConfigurationPlatforms) = preSolution
		Debug|Any CPU = Debug|Any CPU
		Release|Any CPU = Release|Any CPU
	EndGlobalSection
	GlobalSection(ProjectConfigurationPlatforms) = postSolution
		{160F8EFB-94AA-4F4A-B5C3-759B49B77466}.Debug|Any CPU.ActiveCfg = Debug|Any CPU
		{160F8EFB-94AA-4F4A-B5C3-759B49B77466}.Debug|Any CPU.Build.0 = Debug|Any CPU
		{160F8EFB-94AA-4F4A-B5C3-759B49B77466}.Release|Any CPU.ActiveCfg = Release|Any CPU
		{160F8EFB-94AA-4F4A-B5C3-759B49B77466}.Release|Any CPU.Build.0 = Release|Any CPU
		{0716B7C5-CD3F-41A0-B882-A5E7B8FD57DF}.Debug|Any CPU.ActiveCfg = Debug|Any CPU
		{0716B7C5-CD3F-41A0-B882-A5E7B8FD57DF}.Debug|Any CPU.Build.0 = Debug|Any CPU
		{0716B7C5-CD3F-41A0-B882-A5E7B8FD57DF}.Release|Any CPU.ActiveCfg = Release|Any CPU
		{0716B7C5-CD3F-41A0-B882-A5E7B8FD57DF}.Release|Any CPU.Build.0 = Release|Any CPU
	EndGlobalSection
	GlobalSection(SolutionProperties) = preSolution
		HideSolutionNode = FALSE
	EndGlobalSection
	GlobalSection(ExtensibilityGlobals) = postSolution
		SolutionGuid = {81242E9B-BFE3-4209-AB91-C67CEB9442D6}
	EndGlobalSection
EndGlobal
